
Microsoft Visual Studio Solution File, Format Version 12.00
# Visual Studio Version 16
VisualStudioVersion = 16.0.30021.99
MinimumVisualStudioVersion = 10.0.40219.1
Project("{9A19103F-16F7-4668-BE54-9A1E7A4F7556}") = "Mafia.NET", "Mafia.NET/Mafia.NET.csproj", "{7D77305B-C43C-4C6E-ACA2-02C9B5C2DC79}"
EndProject
Project("{FAE04EC0-301F-11D3-BF4B-00C04F79EFBC}") = "Mafia.NET.Tests", "Mafia.NET.Tests/Mafia.NET.Tests.csproj", "{66555B51-DA5E-4695-A814-023C2A8E5E42}"
EndProject
Project("{FAE04EC0-301F-11D3-BF4B-00C04F79EFBC}") = "Mafia.NET.Web", "Mafia.NET.Web\Mafia.NET.Web.csproj", "{32AD6472-77E0-4878-9150-5D6B845581F3}"
EndProject
Project("{FAE04EC0-301F-11D3-BF4B-00C04F79EFBC}") = "Mafia.Net.IntegrationTests", "Mafia.NET.IntegrationTests\Mafia.Net.IntegrationTests.csproj", "{FB674409-5BFA-4987-BF75-0EFD03E68BB3}"
EndProject
Global
	GlobalSection(SolutionConfigurationPlatforms) = preSolution
		Debug|Any CPU = Debug|Any CPU
		Release|Any CPU = Release|Any CPU
	EndGlobalSection
	GlobalSection(ProjectConfigurationPlatforms) = postSolution
		{7D77305B-C43C-4C6E-ACA2-02C9B5C2DC79}.Debug|Any CPU.ActiveCfg = Debug|Any CPU
		{7D77305B-C43C-4C6E-ACA2-02C9B5C2DC79}.Debug|Any CPU.Build.0 = Debug|Any CPU
		{7D77305B-C43C-4C6E-ACA2-02C9B5C2DC79}.Release|Any CPU.ActiveCfg = Release|Any CPU
		{7D77305B-C43C-4C6E-ACA2-02C9B5C2DC79}.Release|Any CPU.Build.0 = Release|Any CPU
		{66555B51-DA5E-4695-A814-023C2A8E5E42}.Debug|Any CPU.ActiveCfg = Debug|Any CPU
		{66555B51-DA5E-4695-A814-023C2A8E5E42}.Debug|Any CPU.Build.0 = Debug|Any CPU
		{66555B51-DA5E-4695-A814-023C2A8E5E42}.Release|Any CPU.ActiveCfg = Release|Any CPU
		{66555B51-DA5E-4695-A814-023C2A8E5E42}.Release|Any CPU.Build.0 = Release|Any CPU
		{32AD6472-77E0-4878-9150-5D6B845581F3}.Debug|Any CPU.ActiveCfg = Debug|Any CPU
		{32AD6472-77E0-4878-9150-5D6B845581F3}.Debug|Any CPU.Build.0 = Debug|Any CPU
		{32AD6472-77E0-4878-9150-5D6B845581F3}.Release|Any CPU.ActiveCfg = Release|Any CPU
		{32AD6472-77E0-4878-9150-5D6B845581F3}.Release|Any CPU.Build.0 = Release|Any CPU
		{FB674409-5BFA-4987-BF75-0EFD03E68BB3}.Debug|Any CPU.ActiveCfg = Debug|Any CPU
		{FB674409-5BFA-4987-BF75-0EFD03E68BB3}.Debug|Any CPU.Build.0 = Debug|Any CPU
		{FB674409-5BFA-4987-BF75-0EFD03E68BB3}.Release|Any CPU.ActiveCfg = Release|Any CPU
		{FB674409-5BFA-4987-BF75-0EFD03E68BB3}.Release|Any CPU.Build.0 = Release|Any CPU
	EndGlobalSection
	GlobalSection(SolutionProperties) = preSolution
		HideSolutionNode = FALSE
	EndGlobalSection
	GlobalSection(ExtensibilityGlobals) = postSolution
		SolutionGuid = {CB755A81-698B-4DEE-BF30-7EAEBCB479CD}
	EndGlobalSection
EndGlobal
